// !$*UTF8*$!
{
	archiveVersion = 1;
	classes = {
	};
	objectVersion = 77;
	objects = {

/* Begin PBXBuildFile section */
		D20CC6882DD99E9A00F3709C /* WidgetKit.framework in Frameworks */ = {isa = PBXBuildFile; fileRef = D20CC6872DD99E9A00F3709C /* WidgetKit.framework */; };
		D20CC68A2DD99E9A00F3709C /* SwiftUI.framework in Frameworks */ = {isa = PBXBuildFile; fileRef = D20CC6892DD99E9A00F3709C /* SwiftUI.framework */; };
		D20CC69B2DD99E9B00F3709C /* BLinkWidgetExtension.appex in Embed Foundation Extensions */ = {isa = PBXBuildFile; fileRef = D20CC6852DD99E9A00F3709C /* BLinkWidgetExtension.appex */; settings = {ATTRIBUTES = (RemoveHeadersOnCopy, ); }; };
/* End PBXBuildFile section */

/* Begin PBXContainerItemProxy section */
		D20CC6992DD99E9B00F3709C /* PBXContainerItemProxy */ = {
			isa = PBXContainerItemProxy;
			containerPortal = D258A7912DC9C04C00B8BEB7 /* Project object */;
			proxyType = 1;
			remoteGlobalIDString = D20CC6842DD99E9A00F3709C;
			remoteInfo = BLinkWidgetExtension;
		};
/* End PBXContainerItemProxy section */

/* Begin PBXCopyFilesBuildPhase section */
		D20CC6A02DD99E9B00F3709C /* Embed Foundation Extensions */ = {
			isa = PBXCopyFilesBuildPhase;
			buildActionMask = 2147483647;
			dstPath = "";
			dstSubfolderSpec = 13;
			files = (
				D20CC69B2DD99E9B00F3709C /* BLinkWidgetExtension.appex in Embed Foundation Extensions */,
			);
			name = "Embed Foundation Extensions";
			runOnlyForDeploymentPostprocessing = 0;
		};
/* End PBXCopyFilesBuildPhase section */

/* Begin PBXFileReference section */
		D20CC6852DD99E9A00F3709C /* BLinkWidgetExtension.appex */ = {isa = PBXFileReference; explicitFileType = "wrapper.app-extension"; includeInIndex = 0; path = BLinkWidgetExtension.appex; sourceTree = BUILT_PRODUCTS_DIR; };
		D20CC6872DD99E9A00F3709C /* WidgetKit.framework */ = {isa = PBXFileReference; lastKnownFileType = wrapper.framework; name = WidgetKit.framework; path = System/Library/Frameworks/WidgetKit.framework; sourceTree = SDKROOT; };
		D20CC6892DD99E9A00F3709C /* SwiftUI.framework */ = {isa = PBXFileReference; lastKnownFileType = wrapper.framework; name = SwiftUI.framework; path = System/Library/Frameworks/SwiftUI.framework; sourceTree = SDKROOT; };
		D20CC6A12DD99ED700F3709C /* BLinkWidgetExtension.entitlements */ = {isa = PBXFileReference; lastKnownFileType = text.plist.entitlements; path = BLinkWidgetExtension.entitlements; sourceTree = "<group>"; };
		D258A7992DC9C04C00B8BEB7 /* BLinkNew.app */ = {isa = PBXFileReference; explicitFileType = wrapper.application; includeInIndex = 0; path = BLinkNew.app; sourceTree = BUILT_PRODUCTS_DIR; };
/* End PBXFileReference section */

/* Begin PBXFileSystemSynchronizedBuildFileExceptionSet section */
		D20CC69F2DD99E9B00F3709C /* Exceptions for "BLinkWidget" folder in "BLinkWidgetExtension" target */ = {
			isa = PBXFileSystemSynchronizedBuildFileExceptionSet;
			membershipExceptions = (
				Info.plist,
			);
			target = D20CC6842DD99E9A00F3709C /* BLinkWidgetExtension */;
		};
		D20CC6AA2DD9A82100F3709C /* Exceptions for "Shared" folder in "BLinkWidgetExtension" target */ = {
			isa = PBXFileSystemSynchronizedBuildFileExceptionSet;
			membershipExceptions = (
				SharedExtensions.swift,
			);
			target = D20CC6842DD99E9A00F3709C /* BLinkWidgetExtension */;
		};
		D20CC6B02DDA9D4700F3709C /* Exceptions for "BLinkWidget" folder in "BLinkNew" target */ = {
			isa = PBXFileSystemSynchronizedBuildFileExceptionSet;
			membershipExceptions = (
				ScanBusIntent.swift,
			);
			target = D258A7982DC9C04C00B8BEB7 /* BLinkNew */;
		};
		D2E4CA062DD350CC00A9F523 /* Exceptions for "BLinkNew" folder in "BLinkNew" target */ = {
			isa = PBXFileSystemSynchronizedBuildFileExceptionSet;
			membershipExceptions = (
				Info.plist,
			);
			target = D258A7982DC9C04C00B8BEB7 /* BLinkNew */;
		};
/* End PBXFileSystemSynchronizedBuildFileExceptionSet section */

/* Begin PBXFileSystemSynchronizedRootGroup section */
		D20CC68B2DD99E9A00F3709C /* BLinkWidget */ = {
			isa = PBXFileSystemSynchronizedRootGroup;
			exceptions = (
				D20CC6B02DDA9D4700F3709C /* Exceptions for "BLinkWidget" folder in "BLinkNew" target */,
				D20CC69F2DD99E9B00F3709C /* Exceptions for "BLinkWidget" folder in "BLinkWidgetExtension" target */,
			);
			path = BLinkWidget;
			sourceTree = "<group>";
		};
		D20CC6A62DD9A80400F3709C /* Shared */ = {
			isa = PBXFileSystemSynchronizedRootGroup;
			exceptions = (
				D20CC6AA2DD9A82100F3709C /* Exceptions for "Shared" folder in "BLinkWidgetExtension" target */,
			);
			path = Shared;
			sourceTree = "<group>";
		};
		D258A79B2DC9C04C00B8BEB7 /* BLinkNew */ = {
			isa = PBXFileSystemSynchronizedRootGroup;
			exceptions = (
				D2E4CA062DD350CC00A9F523 /* Exceptions for "BLinkNew" folder in "BLinkNew" target */,
			);
			path = BLinkNew;
			sourceTree = "<group>";
		};
/* End PBXFileSystemSynchronizedRootGroup section */

/* Begin PBXFrameworksBuildPhase section */
		D20CC6822DD99E9A00F3709C /* Frameworks */ = {
			isa = PBXFrameworksBuildPhase;
			buildActionMask = 2147483647;
			files = (
				D20CC68A2DD99E9A00F3709C /* SwiftUI.framework in Frameworks */,
				D20CC6882DD99E9A00F3709C /* WidgetKit.framework in Frameworks */,
			);
			runOnlyForDeploymentPostprocessing = 0;
		};
		D258A7962DC9C04C00B8BEB7 /* Frameworks */ = {
			isa = PBXFrameworksBuildPhase;
			buildActionMask = 2147483647;
			files = (
			);
			runOnlyForDeploymentPostprocessing = 0;
		};
/* End PBXFrameworksBuildPhase section */

/* Begin PBXGroup section */
		D20CC6862DD99E9A00F3709C /* Frameworks */ = {
			isa = PBXGroup;
			children = (
				D20CC6872DD99E9A00F3709C /* WidgetKit.framework */,
				D20CC6892DD99E9A00F3709C /* SwiftUI.framework */,
			);
			name = Frameworks;
			sourceTree = "<group>";
		};
		D258A7902DC9C04C00B8BEB7 = {
			isa = PBXGroup;
			children = (
				D20CC6A62DD9A80400F3709C /* Shared */,
				D20CC6A12DD99ED700F3709C /* BLinkWidgetExtension.entitlements */,
				D258A79B2DC9C04C00B8BEB7 /* BLinkNew */,
				D20CC68B2DD99E9A00F3709C /* BLinkWidget */,
				D20CC6862DD99E9A00F3709C /* Frameworks */,
				D258A79A2DC9C04C00B8BEB7 /* Products */,
			);
			sourceTree = "<group>";
		};
		D258A79A2DC9C04C00B8BEB7 /* Products */ = {
			isa = PBXGroup;
			children = (
				D258A7992DC9C04C00B8BEB7 /* BLinkNew.app */,
				D20CC6852DD99E9A00F3709C /* BLinkWidgetExtension.appex */,
			);
			name = Products;
			sourceTree = "<group>";
		};
/* End PBXGroup section */

/* Begin PBXNativeTarget section */
		D20CC6842DD99E9A00F3709C /* BLinkWidgetExtension */ = {
			isa = PBXNativeTarget;
			buildConfigurationList = D20CC69C2DD99E9B00F3709C /* Build configuration list for PBXNativeTarget "BLinkWidgetExtension" */;
			buildPhases = (
				D20CC6812DD99E9A00F3709C /* Sources */,
				D20CC6822DD99E9A00F3709C /* Frameworks */,
				D20CC6832DD99E9A00F3709C /* Resources */,
			);
			buildRules = (
			);
			dependencies = (
			);
			fileSystemSynchronizedGroups = (
				D20CC68B2DD99E9A00F3709C /* BLinkWidget */,
			);
			name = BLinkWidgetExtension;
			packageProductDependencies = (
			);
			productName = BLinkWidgetExtension;
			productReference = D20CC6852DD99E9A00F3709C /* BLinkWidgetExtension.appex */;
			productType = "com.apple.product-type.app-extension";
		};
		D258A7982DC9C04C00B8BEB7 /* BLinkNew */ = {
			isa = PBXNativeTarget;
			buildConfigurationList = D258A7A42DC9C04D00B8BEB7 /* Build configuration list for PBXNativeTarget "BLinkNew" */;
			buildPhases = (
				D258A7952DC9C04C00B8BEB7 /* Sources */,
				D258A7962DC9C04C00B8BEB7 /* Frameworks */,
				D258A7972DC9C04C00B8BEB7 /* Resources */,
				D20CC6A02DD99E9B00F3709C /* Embed Foundation Extensions */,
			);
			buildRules = (
			);
			dependencies = (
				D20CC69A2DD99E9B00F3709C /* PBXTargetDependency */,
			);
			fileSystemSynchronizedGroups = (
				D20CC6A62DD9A80400F3709C /* Shared */,
				D258A79B2DC9C04C00B8BEB7 /* BLinkNew */,
			);
			name = BLinkNew;
			packageProductDependencies = (
			);
			productName = BLinkNew;
			productReference = D258A7992DC9C04C00B8BEB7 /* BLinkNew.app */;
			productType = "com.apple.product-type.application";
		};
/* End PBXNativeTarget section */

/* Begin PBXProject section */
		D258A7912DC9C04C00B8BEB7 /* Project object */ = {
			isa = PBXProject;
			attributes = {
				BuildIndependentTargetsInParallel = 1;
				LastSwiftUpdateCheck = 1630;
				LastUpgradeCheck = 1630;
				TargetAttributes = {
					D20CC6842DD99E9A00F3709C = {
						CreatedOnToolsVersion = 16.3;
					};
					D258A7982DC9C04C00B8BEB7 = {
						CreatedOnToolsVersion = 16.3;
					};
				};
			};
			buildConfigurationList = D258A7942DC9C04C00B8BEB7 /* Build configuration list for PBXProject "BLinkNew" */;
			developmentRegion = en;
			hasScannedForEncodings = 0;
			knownRegions = (
				en,
				Base,
			);
			mainGroup = D258A7902DC9C04C00B8BEB7;
			minimizedProjectReferenceProxies = 1;
			preferredProjectObjectVersion = 77;
			productRefGroup = D258A79A2DC9C04C00B8BEB7 /* Products */;
			projectDirPath = "";
			projectRoot = "";
			targets = (
				D258A7982DC9C04C00B8BEB7 /* BLinkNew */,
				D20CC6842DD99E9A00F3709C /* BLinkWidgetExtension */,
			);
		};
/* End PBXProject section */

/* Begin PBXResourcesBuildPhase section */
		D20CC6832DD99E9A00F3709C /* Resources */ = {
			isa = PBXResourcesBuildPhase;
			buildActionMask = 2147483647;
			files = (
			);
			runOnlyForDeploymentPostprocessing = 0;
		};
		D258A7972DC9C04C00B8BEB7 /* Resources */ = {
			isa = PBXResourcesBuildPhase;
			buildActionMask = 2147483647;
			files = (
			);
			runOnlyForDeploymentPostprocessing = 0;
		};
/* End PBXResourcesBuildPhase section */

/* Begin PBXSourcesBuildPhase section */
		D20CC6812DD99E9A00F3709C /* Sources */ = {
			isa = PBXSourcesBuildPhase;
			buildActionMask = 2147483647;
			files = (
			);
			runOnlyForDeploymentPostprocessing = 0;
		};
		D258A7952DC9C04C00B8BEB7 /* Sources */ = {
			isa = PBXSourcesBuildPhase;
			buildActionMask = 2147483647;
			files = (
			);
			runOnlyForDeploymentPostprocessing = 0;
		};
/* End PBXSourcesBuildPhase section */

/* Begin PBXTargetDependency section */
		D20CC69A2DD99E9B00F3709C /* PBXTargetDependency */ = {
			isa = PBXTargetDependency;
			target = D20CC6842DD99E9A00F3709C /* BLinkWidgetExtension */;
			targetProxy = D20CC6992DD99E9B00F3709C /* PBXContainerItemProxy */;
		};
/* End PBXTargetDependency section */

/* Begin XCBuildConfiguration section */
		D20CC69D2DD99E9B00F3709C /* Debug */ = {
			isa = XCBuildConfiguration;
			buildSettings = {
				ASSETCATALOG_COMPILER_GLOBAL_ACCENT_COLOR_NAME = AccentColor;
				ASSETCATALOG_COMPILER_WIDGET_BACKGROUND_COLOR_NAME = WidgetBackground;
				CODE_SIGN_ENTITLEMENTS = BLinkWidgetExtension.entitlements;
				CODE_SIGN_STYLE = Automatic;
				CURRENT_PROJECT_VERSION = 1;
				DEVELOPMENT_TEAM = 74859D4FR4;
				GENERATE_INFOPLIST_FILE = YES;
				INFOPLIST_FILE = BLinkWidget/Info.plist;
				INFOPLIST_KEY_CFBundleDisplayName = BLinkWidget;
				INFOPLIST_KEY_NSHumanReadableCopyright = "";
				INFOPLIST_KEY_NSSiriUsageDescription = "BLink uses Siri to help you quickly scan bus plates";
				INFOPLIST_KEY_NSSupportsLiveActivities = YES;
				LD_RUNPATH_SEARCH_PATHS = (
					"$(inherited)",
					"@executable_path/Frameworks",
					"@executable_path/../../Frameworks",
				);
				MARKETING_VERSION = 1.0;
				PRODUCT_BUNDLE_IDENTIFIER = com.developer.BLinkNew.BLinkWidget;
				PRODUCT_NAME = "$(TARGET_NAME)";
				SKIP_INSTALL = YES;
				SWIFT_EMIT_LOC_STRINGS = YES;
				SWIFT_VERSION = 5.0;
				TARGETED_DEVICE_FAMILY = "1,2";
			};
			name = Debug;
		};
		D20CC69E2DD99E9B00F3709C /* Release */ = {
			isa = XCBuildConfiguration;
			buildSettings = {
				ASSETCATALOG_COMPILER_GLOBAL_ACCENT_COLOR_NAME = AccentColor;
				ASSETCATALOG_COMPILER_WIDGET_BACKGROUND_COLOR_NAME = WidgetBackground;
				CODE_SIGN_ENTITLEMENTS = BLinkWidgetExtension.entitlements;
				CODE_SIGN_STYLE = Automatic;
				CURRENT_PROJECT_VERSION = 1;
				DEVELOPMENT_TEAM = 74859D4FR4;
				GENERATE_INFOPLIST_FILE = YES;
				INFOPLIST_FILE = BLinkWidget/Info.plist;
				INFOPLIST_KEY_CFBundleDisplayName = BLinkWidget;
				INFOPLIST_KEY_NSHumanReadableCopyright = "";
				INFOPLIST_KEY_NSSiriUsageDescription = "BLink uses Siri to help you quickly scan bus plates";
				INFOPLIST_KEY_NSSupportsLiveActivities = YES;
				LD_RUNPATH_SEARCH_PATHS = (
					"$(inherited)",
					"@executable_path/Frameworks",
					"@executable_path/../../Frameworks",
				);
				MARKETING_VERSION = 1.0;
				PRODUCT_BUNDLE_IDENTIFIER = com.developer.BLinkNew.BLinkWidget;
				PRODUCT_NAME = "$(TARGET_NAME)";
				SKIP_INSTALL = YES;
				SWIFT_EMIT_LOC_STRINGS = YES;
				SWIFT_VERSION = 5.0;
				TARGETED_DEVICE_FAMILY = "1,2";
			};
			name = Release;
		};
		D258A7A22DC9C04D00B8BEB7 /* Debug */ = {
			isa = XCBuildConfiguration;
			buildSettings = {
				ALWAYS_SEARCH_USER_PATHS = NO;
				ASSETCATALOG_COMPILER_GENERATE_SWIFT_ASSET_SYMBOL_EXTENSIONS = YES;
				CLANG_ANALYZER_NONNULL = YES;
				CLANG_ANALYZER_NUMBER_OBJECT_CONVERSION = YES_AGGRESSIVE;
				CLANG_CXX_LANGUAGE_STANDARD = "gnu++20";
				CLANG_ENABLE_MODULES = YES;
				CLANG_ENABLE_OBJC_ARC = YES;
				CLANG_ENABLE_OBJC_WEAK = YES;
				CLANG_WARN_BLOCK_CAPTURE_AUTORELEASING = YES;
				CLANG_WARN_BOOL_CONVERSION = YES;
				CLANG_WARN_COMMA = YES;
				CLANG_WARN_CONSTANT_CONVERSION = YES;
				CLANG_WARN_DEPRECATED_OBJC_IMPLEMENTATIONS = YES;
				CLANG_WARN_DIRECT_OBJC_ISA_USAGE = YES_ERROR;
				CLANG_WARN_DOCUMENTATION_COMMENTS = YES;
				CLANG_WARN_EMPTY_BODY = YES;
				CLANG_WARN_ENUM_CONVERSION = YES;
				CLANG_WARN_INFINITE_RECURSION = YES;
				CLANG_WARN_INT_CONVERSION = YES;
				CLANG_WARN_NON_LITERAL_NULL_CONVERSION = YES;
				CLANG_WARN_OBJC_IMPLICIT_RETAIN_SELF = YES;
				CLANG_WARN_OBJC_LITERAL_CONVERSION = YES;
				CLANG_WARN_OBJC_ROOT_CLASS = YES_ERROR;
				CLANG_WARN_QUOTED_INCLUDE_IN_FRAMEWORK_HEADER = YES;
				CLANG_WARN_RANGE_LOOP_ANALYSIS = YES;
				CLANG_WARN_STRICT_PROTOTYPES = YES;
				CLANG_WARN_SUSPICIOUS_MOVE = YES;
				CLANG_WARN_UNGUARDED_AVAILABILITY = YES_AGGRESSIVE;
				CLANG_WARN_UNREACHABLE_CODE = YES;
				CLANG_WARN__DUPLICATE_METHOD_MATCH = YES;
				COPY_PHASE_STRIP = NO;
				DEBUG_INFORMATION_FORMAT = dwarf;
				DEVELOPMENT_TEAM = 74859D4FR4;
				ENABLE_STRICT_OBJC_MSGSEND = YES;
				ENABLE_TESTABILITY = YES;
				ENABLE_USER_SCRIPT_SANDBOXING = YES;
				GCC_C_LANGUAGE_STANDARD = gnu17;
				GCC_DYNAMIC_NO_PIC = NO;
				GCC_NO_COMMON_BLOCKS = YES;
				GCC_OPTIMIZATION_LEVEL = 0;
				GCC_PREPROCESSOR_DEFINITIONS = (
					"DEBUG=1",
					"$(inherited)",
				);
				GCC_WARN_64_TO_32_BIT_CONVERSION = YES;
				GCC_WARN_ABOUT_RETURN_TYPE = YES_ERROR;
				GCC_WARN_UNDECLARED_SELECTOR = YES;
				GCC_WARN_UNINITIALIZED_AUTOS = YES_AGGRESSIVE;
				GCC_WARN_UNUSED_FUNCTION = YES;
				GCC_WARN_UNUSED_VARIABLE = YES;
				IPHONEOS_DEPLOYMENT_TARGET = 18.4;
				LOCALIZATION_PREFERS_STRING_CATALOGS = YES;
				MTL_ENABLE_DEBUG_INFO = INCLUDE_SOURCE;
				MTL_FAST_MATH = YES;
				ONLY_ACTIVE_ARCH = YES;
				SDKROOT = iphoneos;
				SWIFT_ACTIVE_COMPILATION_CONDITIONS = "DEBUG $(inherited)";
				SWIFT_OPTIMIZATION_LEVEL = "-Onone";
			};
			name = Debug;
		};
		D258A7A32DC9C04D00B8BEB7 /* Release */ = {
			isa = XCBuildConfiguration;
			buildSettings = {
				ALWAYS_SEARCH_USER_PATHS = NO;
				ASSETCATALOG_COMPILER_GENERATE_SWIFT_ASSET_SYMBOL_EXTENSIONS = YES;
				CLANG_ANALYZER_NONNULL = YES;
				CLANG_ANALYZER_NUMBER_OBJECT_CONVERSION = YES_AGGRESSIVE;
				CLANG_CXX_LANGUAGE_STANDARD = "gnu++20";
				CLANG_ENABLE_MODULES = YES;
				CLANG_ENABLE_OBJC_ARC = YES;
				CLANG_ENABLE_OBJC_WEAK = YES;
				CLANG_WARN_BLOCK_CAPTURE_AUTORELEASING = YES;
				CLANG_WARN_BOOL_CONVERSION = YES;
				CLANG_WARN_COMMA = YES;
				CLANG_WARN_CONSTANT_CONVERSION = YES;
				CLANG_WARN_DEPRECATED_OBJC_IMPLEMENTATIONS = YES;
				CLANG_WARN_DIRECT_OBJC_ISA_USAGE = YES_ERROR;
				CLANG_WARN_DOCUMENTATION_COMMENTS = YES;
				CLANG_WARN_EMPTY_BODY = YES;
				CLANG_WARN_ENUM_CONVERSION = YES;
				CLANG_WARN_INFINITE_RECURSION = YES;
				CLANG_WARN_INT_CONVERSION = YES;
				CLANG_WARN_NON_LITERAL_NULL_CONVERSION = YES;
				CLANG_WARN_OBJC_IMPLICIT_RETAIN_SELF = YES;
				CLANG_WARN_OBJC_LITERAL_CONVERSION = YES;
				CLANG_WARN_OBJC_ROOT_CLASS = YES_ERROR;
				CLANG_WARN_QUOTED_INCLUDE_IN_FRAMEWORK_HEADER = YES;
				CLANG_WARN_RANGE_LOOP_ANALYSIS = YES;
				CLANG_WARN_STRICT_PROTOTYPES = YES;
				CLANG_WARN_SUSPICIOUS_MOVE = YES;
				CLANG_WARN_UNGUARDED_AVAILABILITY = YES_AGGRESSIVE;
				CLANG_WARN_UNREACHABLE_CODE = YES;
				CLANG_WARN__DUPLICATE_METHOD_MATCH = YES;
				COPY_PHASE_STRIP = NO;
				DEBUG_INFORMATION_FORMAT = "dwarf-with-dsym";
				DEVELOPMENT_TEAM = 74859D4FR4;
				ENABLE_NS_ASSERTIONS = NO;
				ENABLE_STRICT_OBJC_MSGSEND = YES;
				ENABLE_USER_SCRIPT_SANDBOXING = YES;
				GCC_C_LANGUAGE_STANDARD = gnu17;
				GCC_NO_COMMON_BLOCKS = YES;
				GCC_WARN_64_TO_32_BIT_CONVERSION = YES;
				GCC_WARN_ABOUT_RETURN_TYPE = YES_ERROR;
				GCC_WARN_UNDECLARED_SELECTOR = YES;
				GCC_WARN_UNINITIALIZED_AUTOS = YES_AGGRESSIVE;
				GCC_WARN_UNUSED_FUNCTION = YES;
				GCC_WARN_UNUSED_VARIABLE = YES;
				IPHONEOS_DEPLOYMENT_TARGET = 18.4;
				LOCALIZATION_PREFERS_STRING_CATALOGS = YES;
				MTL_ENABLE_DEBUG_INFO = NO;
				MTL_FAST_MATH = YES;
				SDKROOT = iphoneos;
				SWIFT_COMPILATION_MODE = wholemodule;
				VALIDATE_PRODUCT = YES;
			};
			name = Release;
		};
		D258A7A52DC9C04D00B8BEB7 /* Debug */ = {
			isa = XCBuildConfiguration;
			buildSettings = {
				ASSETCATALOG_COMPILER_APPICON_NAME = AppIcon;
				ASSETCATALOG_COMPILER_GLOBAL_ACCENT_COLOR_NAME = AccentColor;
				CODE_SIGN_ENTITLEMENTS = BLinkNew/BLinkNew.entitlements;
				CODE_SIGN_STYLE = Automatic;
				CURRENT_PROJECT_VERSION = 1;
				DEVELOPMENT_TEAM = 74859D4FR4;
				ENABLE_PREVIEWS = YES;
				GENERATE_INFOPLIST_FILE = YES;
				INFOPLIST_FILE = BLinkNew/Info.plist;
				INFOPLIST_KEY_NSCameraUsageDescription = "BLink needs camera access to scan bus plate numbers";
				INFOPLIST_KEY_NSLocationWhenInUseUsageDescription = "BLink needs location access to provide accurate journey information";
				INFOPLIST_KEY_NSSiriUsageDescription = "BLink uses Siri to help you quickly scan bus plates";
				INFOPLIST_KEY_NSSupportsLiveActivities = YES;
				INFOPLIST_KEY_UIApplicationSceneManifest_Generation = YES;
				INFOPLIST_KEY_UIApplicationSupportsIndirectInputEvents = YES;
				INFOPLIST_KEY_UILaunchScreen_Generation = YES;
				INFOPLIST_KEY_UISupportedInterfaceOrientations_iPad = "UIInterfaceOrientationPortrait UIInterfaceOrientationPortraitUpsideDown UIInterfaceOrientationLandscapeLeft UIInterfaceOrientationLandscapeRight";
				INFOPLIST_KEY_UISupportedInterfaceOrientations_iPhone = "UIInterfaceOrientationPortrait UIInterfaceOrientationLandscapeLeft UIInterfaceOrientationLandscapeRight";
				LD_RUNPATH_SEARCH_PATHS = (
					"$(inherited)",
					"@executable_path/Frameworks",
				);
				MARKETING_VERSION = 1.0;
				PRODUCT_BUNDLE_IDENTIFIER = com.developer.BLinkNew;
				PRODUCT_NAME = "$(TARGET_NAME)";
				SWIFT_EMIT_LOC_STRINGS = YES;
				SWIFT_VERSION = 5.0;
				TARGETED_DEVICE_FAMILY = "1,2";
			};
			name = Debug;
		};
		D258A7A62DC9C04D00B8BEB7 /* Release */ = {
			isa = XCBuildConfiguration;
			buildSettings = {
				ASSETCATALOG_COMPILER_APPICON_NAME = AppIcon;
				ASSETCATALOG_COMPILER_GLOBAL_ACCENT_COLOR_NAME = AccentColor;
				CODE_SIGN_ENTITLEMENTS = BLinkNew/BLinkNew.entitlements;
				CODE_SIGN_STYLE = Automatic;
				CURRENT_PROJECT_VERSION = 1;
				DEVELOPMENT_TEAM = 74859D4FR4;
				ENABLE_PREVIEWS = YES;
				GENERATE_INFOPLIST_FILE = YES;
				INFOPLIST_FILE = BLinkNew/Info.plist;
				INFOPLIST_KEY_NSCameraUsageDescription = "BLink needs camera access to scan bus plate numbers";
				INFOPLIST_KEY_NSLocationWhenInUseUsageDescription = "BLink needs location access to provide accurate journey information";
				INFOPLIST_KEY_NSSiriUsageDescription = "BLink uses Siri to help you quickly scan bus plates";
				INFOPLIST_KEY_NSSupportsLiveActivities = YES;
				INFOPLIST_KEY_UIApplicationSceneManifest_Generation = YES;
				INFOPLIST_KEY_UIApplicationSupportsIndirectInputEvents = YES;
				INFOPLIST_KEY_UILaunchScreen_Generation = YES;
				INFOPLIST_KEY_UISupportedInterfaceOrientations_iPad = "UIInterfaceOrientationPortrait UIInterfaceOrientationPortraitUpsideDown UIInterfaceOrientationLandscapeLeft UIInterfaceOrientationLandscapeRight";
				INFOPLIST_KEY_UISupportedInterfaceOrientations_iPhone = "UIInterfaceOrientationPortrait UIInterfaceOrientationLandscapeLeft UIInterfaceOrientationLandscapeRight";
				LD_RUNPATH_SEARCH_PATHS = (
					"$(inherited)",
					"@executable_path/Frameworks",
				);
				MARKETING_VERSION = 1.0;
				PRODUCT_BUNDLE_IDENTIFIER = com.developer.BLinkNew;
				PRODUCT_NAME = "$(TARGET_NAME)";
				SWIFT_EMIT_LOC_STRINGS = YES;
				SWIFT_VERSION = 5.0;
				TARGETED_DEVICE_FAMILY = "1,2";
			};
			name = Release;
		};
/* End XCBuildConfiguration section */

/* Begin XCConfigurationList section */
		D20CC69C2DD99E9B00F3709C /* Build configuration list for PBXNativeTarget "BLinkWidgetExtension" */ = {
			isa = XCConfigurationList;
			buildConfigurations = (
				D20CC69D2DD99E9B00F3709C /* Debug */,
				D20CC69E2DD99E9B00F3709C /* Release */,
			);
			defaultConfigurationIsVisible = 0;
			defaultConfigurationName = Release;
		};
		D258A7942DC9C04C00B8BEB7 /* Build configuration list for PBXProject "BLinkNew" */ = {
			isa = XCConfigurationList;
			buildConfigurations = (
				D258A7A22DC9C04D00B8BEB7 /* Debug */,
				D258A7A32DC9C04D00B8BEB7 /* Release */,
			);
			defaultConfigurationIsVisible = 0;
			defaultConfigurationName = Release;
		};
		D258A7A42DC9C04D00B8BEB7 /* Build configuration list for PBXNativeTarget "BLinkNew" */ = {
			isa = XCConfigurationList;
			buildConfigurations = (
				D258A7A52DC9C04D00B8BEB7 /* Debug */,
				D258A7A62DC9C04D00B8BEB7 /* Release */,
			);
			defaultConfigurationIsVisible = 0;
			defaultConfigurationName = Release;
		};
/* End XCConfigurationList section */
	};
	rootObject = D258A7912DC9C04C00B8BEB7 /* Project object */;
}
